// !$*UTF8*$!
{
	archiveVersion = 1;
	classes = {
	};
	objectVersion = 50;
	objects = {

/* Begin PBXBuildFile section */
		DC54FCE124EB230900B4E144 /* AppDelegate.swift in Sources */ = {isa = PBXBuildFile; fileRef = DC54FCE024EB230900B4E144 /* AppDelegate.swift */; };
		DC54FCE324EB230900B4E144 /* SceneDelegate.swift in Sources */ = {isa = PBXBuildFile; fileRef = DC54FCE224EB230900B4E144 /* SceneDelegate.swift */; };
		DC54FCE524EB230900B4E144 /* ContentView.swift in Sources */ = {isa = PBXBuildFile; fileRef = DC54FCE424EB230900B4E144 /* ContentView.swift */; };
		DC54FCE724EB230A00B4E144 /* Assets.xcassets in Resources */ = {isa = PBXBuildFile; fileRef = DC54FCE624EB230A00B4E144 /* Assets.xcassets */; };
		DC54FCEA24EB230A00B4E144 /* Preview Assets.xcassets in Resources */ = {isa = PBXBuildFile; fileRef = DC54FCE924EB230A00B4E144 /* Preview Assets.xcassets */; };
		DC54FCED24EB230A00B4E144 /* LaunchScreen.storyboard in Resources */ = {isa = PBXBuildFile; fileRef = DC54FCEB24EB230A00B4E144 /* LaunchScreen.storyboard */; };
		DC54FCF824EB230A00B4E144 /* MemorizeTests.swift in Sources */ = {isa = PBXBuildFile; fileRef = DC54FCF724EB230A00B4E144 /* MemorizeTests.swift */; };
		DC54FD0324EB230A00B4E144 /* MemorizeUITests.swift in Sources */ = {isa = PBXBuildFile; fileRef = DC54FD0224EB230A00B4E144 /* MemorizeUITests.swift */; };
		DC54FD1124EB4EE300B4E144 /* MemeryGame.swift in Sources */ = {isa = PBXBuildFile; fileRef = DC54FD1024EB4EE300B4E144 /* MemeryGame.swift */; };
		DC54FD1324EB55F300B4E144 /* EmojiMemoryGame.swift in Sources */ = {isa = PBXBuildFile; fileRef = DC54FD1224EB55F300B4E144 /* EmojiMemoryGame.swift */; };
/* End PBXBuildFile section */

/* Begin PBXContainerItemProxy section */
		DC54FCF424EB230A00B4E144 /* PBXContainerItemProxy */ = {
			isa = PBXContainerItemProxy;
			containerPortal = DC54FCD524EB230900B4E144 /* Project object */;
			proxyType = 1;
			remoteGlobalIDString = DC54FCDC24EB230900B4E144;
			remoteInfo = Memorize;
		};
		DC54FCFF24EB230A00B4E144 /* PBXContainerItemProxy */ = {
			isa = PBXContainerItemProxy;
			containerPortal = DC54FCD524EB230900B4E144 /* Project object */;
			proxyType = 1;
			remoteGlobalIDString = DC54FCDC24EB230900B4E144;
			remoteInfo = Memorize;
		};
/* End PBXContainerItemProxy section */

/* Begin PBXFileReference section */
		DC54FCDD24EB230900B4E144 /* Memorize.app */ = {isa = PBXFileReference; explicitFileType = wrapper.application; includeInIndex = 0; path = Memorize.app; sourceTree = BUILT_PRODUCTS_DIR; };
		DC54FCE024EB230900B4E144 /* AppDelegate.swift */ = {isa = PBXFileReference; lastKnownFileType = sourcecode.swift; path = AppDelegate.swift; sourceTree = "<group>"; };
		DC54FCE224EB230900B4E144 /* SceneDelegate.swift */ = {isa = PBXFileReference; lastKnownFileType = sourcecode.swift; path = SceneDelegate.swift; sourceTree = "<group>"; };
		DC54FCE424EB230900B4E144 /* ContentView.swift */ = {isa = PBXFileReference; lastKnownFileType = sourcecode.swift; path = ContentView.swift; sourceTree = "<group>"; };
		DC54FCE624EB230A00B4E144 /* Assets.xcassets */ = {isa = PBXFileReference; lastKnownFileType = folder.assetcatalog; path = Assets.xcassets; sourceTree = "<group>"; };
		DC54FCE924EB230A00B4E144 /* Preview Assets.xcassets */ = {isa = PBXFileReference; lastKnownFileType = folder.assetcatalog; path = "Preview Assets.xcassets"; sourceTree = "<group>"; };
		DC54FCEC24EB230A00B4E144 /* Base */ = {isa = PBXFileReference; lastKnownFileType = file.storyboard; name = Base; path = Base.lproj/LaunchScreen.storyboard; sourceTree = "<group>"; };
		DC54FCEE24EB230A00B4E144 /* Info.plist */ = {isa = PBXFileReference; lastKnownFileType = text.plist.xml; path = Info.plist; sourceTree = "<group>"; };
		DC54FCF324EB230A00B4E144 /* MemorizeTests.xctest */ = {isa = PBXFileReference; explicitFileType = wrapper.cfbundle; includeInIndex = 0; path = MemorizeTests.xctest; sourceTree = BUILT_PRODUCTS_DIR; };
		DC54FCF724EB230A00B4E144 /* MemorizeTests.swift */ = {isa = PBXFileReference; lastKnownFileType = sourcecode.swift; path = MemorizeTests.swift; sourceTree = "<group>"; };
		DC54FCF924EB230A00B4E144 /* Info.plist */ = {isa = PBXFileReference; lastKnownFileType = text.plist.xml; path = Info.plist; sourceTree = "<group>"; };
		DC54FCFE24EB230A00B4E144 /* MemorizeUITests.xctest */ = {isa = PBXFileReference; explicitFileType = wrapper.cfbundle; includeInIndex = 0; path = MemorizeUITests.xctest; sourceTree = BUILT_PRODUCTS_DIR; };
		DC54FD0224EB230A00B4E144 /* MemorizeUITests.swift */ = {isa = PBXFileReference; lastKnownFileType = sourcecode.swift; path = MemorizeUITests.swift; sourceTree = "<group>"; };
		DC54FD0424EB230A00B4E144 /* Info.plist */ = {isa = PBXFileReference; lastKnownFileType = text.plist.xml; path = Info.plist; sourceTree = "<group>"; };
		DC54FD1024EB4EE300B4E144 /* MemeryGame.swift */ = {isa = PBXFileReference; lastKnownFileType = sourcecode.swift; path = MemeryGame.swift; sourceTree = "<group>"; };
		DC54FD1224EB55F300B4E144 /* EmojiMemoryGame.swift */ = {isa = PBXFileReference; lastKnownFileType = sourcecode.swift; path = EmojiMemoryGame.swift; sourceTree = "<group>"; };
/* End PBXFileReference section */

/* Begin PBXFrameworksBuildPhase section */
		DC54FCDA24EB230900B4E144 /* Frameworks */ = {
			isa = PBXFrameworksBuildPhase;
			buildActionMask = 2147483647;
			files = (
			);
			runOnlyForDeploymentPostprocessing = 0;
		};
		DC54FCF024EB230A00B4E144 /* Frameworks */ = {
			isa = PBXFrameworksBuildPhase;
			buildActionMask = 2147483647;
			files = (
			);
			runOnlyForDeploymentPostprocessing = 0;
		};
		DC54FCFB24EB230A00B4E144 /* Frameworks */ = {
			isa = PBXFrameworksBuildPhase;
			buildActionMask = 2147483647;
			files = (
			);
			runOnlyForDeploymentPostprocessing = 0;
		};
/* End PBXFrameworksBuildPhase section */

/* Begin PBXGroup section */
		DC54FCD424EB230900B4E144 = {
			isa = PBXGroup;
			children = (
				DC54FCDF24EB230900B4E144 /* Memorize */,
				DC54FCF624EB230A00B4E144 /* MemorizeTests */,
				DC54FD0124EB230A00B4E144 /* MemorizeUITests */,
				DC54FCDE24EB230900B4E144 /* Products */,
			);
			sourceTree = "<group>";
		};
		DC54FCDE24EB230900B4E144 /* Products */ = {
			isa = PBXGroup;
			children = (
				DC54FCDD24EB230900B4E144 /* Memorize.app */,
				DC54FCF324EB230A00B4E144 /* MemorizeTests.xctest */,
				DC54FCFE24EB230A00B4E144 /* MemorizeUITests.xctest */,
			);
			name = Products;
			sourceTree = "<group>";
		};
		DC54FCDF24EB230900B4E144 /* Memorize */ = {
			isa = PBXGroup;
			children = (
				DC54FCE024EB230900B4E144 /* AppDelegate.swift */,
				DC54FCE224EB230900B4E144 /* SceneDelegate.swift */,
				DC54FCE424EB230900B4E144 /* ContentView.swift */,
				DC54FD1224EB55F300B4E144 /* EmojiMemoryGame.swift */,
				DC54FD1024EB4EE300B4E144 /* MemeryGame.swift */,
				DC54FCE624EB230A00B4E144 /* Assets.xcassets */,
				DC54FCEB24EB230A00B4E144 /* LaunchScreen.storyboard */,
				DC54FCEE24EB230A00B4E144 /* Info.plist */,
				DC54FCE824EB230A00B4E144 /* Preview Content */,
			);
			path = Memorize;
			sourceTree = "<group>";
		};
		DC54FCE824EB230A00B4E144 /* Preview Content */ = {
			isa = PBXGroup;
			children = (
				DC54FCE924EB230A00B4E144 /* Preview Assets.xcassets */,
			);
			path = "Preview Content";
			sourceTree = "<group>";
		};
		DC54FCF624EB230A00B4E144 /* MemorizeTests */ = {
			isa = PBXGroup;
			children = (
				DC54FCF724EB230A00B4E144 /* MemorizeTests.swift */,
				DC54FCF924EB230A00B4E144 /* Info.plist */,
			);
			path = MemorizeTests;
			sourceTree = "<group>";
		};
		DC54FD0124EB230A00B4E144 /* MemorizeUITests */ = {
			isa = PBXGroup;
			children = (
				DC54FD0224EB230A00B4E144 /* MemorizeUITests.swift */,
				DC54FD0424EB230A00B4E144 /* Info.plist */,
			);
			path = MemorizeUITests;
			sourceTree = "<group>";
		};
/* End PBXGroup section */

/* Begin PBXNativeTarget section */
		DC54FCDC24EB230900B4E144 /* Memorize */ = {
			isa = PBXNativeTarget;
			buildConfigurationList = DC54FD0724EB230A00B4E144 /* Build configuration list for PBXNativeTarget "Memorize" */;
			buildPhases = (
				DC54FCD924EB230900B4E144 /* Sources */,
				DC54FCDA24EB230900B4E144 /* Frameworks */,
				DC54FCDB24EB230900B4E144 /* Resources */,
			);
			buildRules = (
			);
			dependencies = (
			);
			name = Memorize;
			productName = Memorize;
			productReference = DC54FCDD24EB230900B4E144 /* Memorize.app */;
			productType = "com.apple.product-type.application";
		};
		DC54FCF224EB230A00B4E144 /* MemorizeTests */ = {
			isa = PBXNativeTarget;
			buildConfigurationList = DC54FD0A24EB230A00B4E144 /* Build configuration list for PBXNativeTarget "MemorizeTests" */;
			buildPhases = (
				DC54FCEF24EB230A00B4E144 /* Sources */,
				DC54FCF024EB230A00B4E144 /* Frameworks */,
				DC54FCF124EB230A00B4E144 /* Resources */,
			);
			buildRules = (
			);
			dependencies = (
				DC54FCF524EB230A00B4E144 /* PBXTargetDependency */,
			);
			name = MemorizeTests;
			productName = MemorizeTests;
			productReference = DC54FCF324EB230A00B4E144 /* MemorizeTests.xctest */;
			productType = "com.apple.product-type.bundle.unit-test";
		};
		DC54FCFD24EB230A00B4E144 /* MemorizeUITests */ = {
			isa = PBXNativeTarget;
			buildConfigurationList = DC54FD0D24EB230A00B4E144 /* Build configuration list for PBXNativeTarget "MemorizeUITests" */;
			buildPhases = (
				DC54FCFA24EB230A00B4E144 /* Sources */,
				DC54FCFB24EB230A00B4E144 /* Frameworks */,
				DC54FCFC24EB230A00B4E144 /* Resources */,
			);
			buildRules = (
			);
			dependencies = (
				DC54FD0024EB230A00B4E144 /* PBXTargetDependency */,
			);
			name = MemorizeUITests;
			productName = MemorizeUITests;
			productReference = DC54FCFE24EB230A00B4E144 /* MemorizeUITests.xctest */;
			productType = "com.apple.product-type.bundle.ui-testing";
		};
/* End PBXNativeTarget section */

/* Begin PBXProject section */
		DC54FCD524EB230900B4E144 /* Project object */ = {
			isa = PBXProject;
			attributes = {
				LastSwiftUpdateCheck = 1160;
				LastUpgradeCheck = 1160;
				ORGANIZATIONNAME = "CS193p Joynrr";
				TargetAttributes = {
					DC54FCDC24EB230900B4E144 = {
						CreatedOnToolsVersion = 11.6;
					};
					DC54FCF224EB230A00B4E144 = {
						CreatedOnToolsVersion = 11.6;
						TestTargetID = DC54FCDC24EB230900B4E144;
					};
					DC54FCFD24EB230A00B4E144 = {
						CreatedOnToolsVersion = 11.6;
						TestTargetID = DC54FCDC24EB230900B4E144;
					};
				};
			};
			buildConfigurationList = DC54FCD824EB230900B4E144 /* Build configuration list for PBXProject "Memorize" */;
			compatibilityVersion = "Xcode 9.3";
			developmentRegion = en;
			hasScannedForEncodings = 0;
			knownRegions = (
				en,
				Base,
			);
			mainGroup = DC54FCD424EB230900B4E144;
			productRefGroup = DC54FCDE24EB230900B4E144 /* Products */;
			projectDirPath = "";
			projectRoot = "";
			targets = (
				DC54FCDC24EB230900B4E144 /* Memorize */,
				DC54FCF224EB230A00B4E144 /* MemorizeTests */,
				DC54FCFD24EB230A00B4E144 /* MemorizeUITests */,
			);
		};
/* End PBXProject section */

/* Begin PBXResourcesBuildPhase section */
		DC54FCDB24EB230900B4E144 /* Resources */ = {
			isa = PBXResourcesBuildPhase;
			buildActionMask = 2147483647;
			files = (
				DC54FCED24EB230A00B4E144 /* LaunchScreen.storyboard in Resources */,
				DC54FCEA24EB230A00B4E144 /* Preview Assets.xcassets in Resources */,
				DC54FCE724EB230A00B4E144 /* Assets.xcassets in Resources */,
			);
			runOnlyForDeploymentPostprocessing = 0;
		};
		DC54FCF124EB230A00B4E144 /* Resources */ = {
			isa = PBXResourcesBuildPhase;
			buildActionMask = 2147483647;
			files = (
			);
			runOnlyForDeploymentPostprocessing = 0;
		};
		DC54FCFC24EB230A00B4E144 /* Resources */ = {
			isa = PBXResourcesBuildPhase;
			buildActionMask = 2147483647;
			files = (
			);
			runOnlyForDeploymentPostprocessing = 0;
		};
/* End PBXResourcesBuildPhase section */

/* Begin PBXSourcesBuildPhase section */
		DC54FCD924EB230900B4E144 /* Sources */ = {
			isa = PBXSourcesBuildPhase;
			buildActionMask = 2147483647;
			files = (
				DC54FD1124EB4EE300B4E144 /* MemeryGame.swift in Sources */,
				DC54FCE124EB230900B4E144 /* AppDelegate.swift in Sources */,
				DC54FCE324EB230900B4E144 /* SceneDelegate.swift in Sources */,
				DC54FCE524EB230900B4E144 /* ContentView.swift in Sources */,
				DC54FD1324EB55F300B4E144 /* EmojiMemoryGame.swift in Sources */,
			);
			runOnlyForDeploymentPostprocessing = 0;
		};
		DC54FCEF24EB230A00B4E144 /* Sources */ = {
			isa = PBXSourcesBuildPhase;
			buildActionMask = 2147483647;
			files = (
				DC54FCF824EB230A00B4E144 /* MemorizeTests.swift in Sources */,
			);
			runOnlyForDeploymentPostprocessing = 0;
		};
		DC54FCFA24EB230A00B4E144 /* Sources */ = {
			isa = PBXSourcesBuildPhase;
			buildActionMask = 2147483647;
			files = (
				DC54FD0324EB230A00B4E144 /* MemorizeUITests.swift in Sources */,
			);
			runOnlyForDeploymentPostprocessing = 0;
		};
/* End PBXSourcesBuildPhase section */

/* Begin PBXTargetDependency section */
		DC54FCF524EB230A00B4E144 /* PBXTargetDependency */ = {
			isa = PBXTargetDependency;
			target = DC54FCDC24EB230900B4E144 /* Memorize */;
			targetProxy = DC54FCF424EB230A00B4E144 /* PBXContainerItemProxy */;
		};
		DC54FD0024EB230A00B4E144 /* PBXTargetDependency */ = {
			isa = PBXTargetDependency;
			target = DC54FCDC24EB230900B4E144 /* Memorize */;
			targetProxy = DC54FCFF24EB230A00B4E144 /* PBXContainerItemProxy */;
		};
/* End PBXTargetDependency section */

/* Begin PBXVariantGroup section */
		DC54FCEB24EB230A00B4E144 /* LaunchScreen.storyboard */ = {
			isa = PBXVariantGroup;
			children = (
				DC54FCEC24EB230A00B4E144 /* Base */,
			);
			name = LaunchScreen.storyboard;
			sourceTree = "<group>";
		};
/* End PBXVariantGroup section */

/* Begin XCBuildConfiguration section */
		DC54FD0524EB230A00B4E144 /* Debug */ = {
			isa = XCBuildConfiguration;
			buildSettings = {
				ALWAYS_SEARCH_USER_PATHS = NO;
				CLANG_ANALYZER_NONNULL = YES;
				CLANG_ANALYZER_NUMBER_OBJECT_CONVERSION = YES_AGGRESSIVE;
				CLANG_CXX_LANGUAGE_STANDARD = "gnu++14";
				CLANG_CXX_LIBRARY = "libc++";
				CLANG_ENABLE_MODULES = YES;
				CLANG_ENABLE_OBJC_ARC = YES;
				CLANG_ENABLE_OBJC_WEAK = YES;
				CLANG_WARN_BLOCK_CAPTURE_AUTORELEASING = YES;
				CLANG_WARN_BOOL_CONVERSION = YES;
				CLANG_WARN_COMMA = YES;
				CLANG_WARN_CONSTANT_CONVERSION = YES;
				CLANG_WARN_DEPRECATED_OBJC_IMPLEMENTATIONS = YES;
				CLANG_WARN_DIRECT_OBJC_ISA_USAGE = YES_ERROR;
				CLANG_WARN_DOCUMENTATION_COMMENTS = YES;
				CLANG_WARN_EMPTY_BODY = YES;
				CLANG_WARN_ENUM_CONVERSION = YES;
				CLANG_WARN_INFINITE_RECURSION = YES;
				CLANG_WARN_INT_CONVERSION = YES;
				CLANG_WARN_NON_LITERAL_NULL_CONVERSION = YES;
				CLANG_WARN_OBJC_IMPLICIT_RETAIN_SELF = YES;
				CLANG_WARN_OBJC_LITERAL_CONVERSION = YES;
				CLANG_WARN_OBJC_ROOT_CLASS = YES_ERROR;
				CLANG_WARN_RANGE_LOOP_ANALYSIS = YES;
				CLANG_WARN_STRICT_PROTOTYPES = YES;
				CLANG_WARN_SUSPICIOUS_MOVE = YES;
				CLANG_WARN_UNGUARDED_AVAILABILITY = YES_AGGRESSIVE;
				CLANG_WARN_UNREACHABLE_CODE = YES;
				CLANG_WARN__DUPLICATE_METHOD_MATCH = YES;
				COPY_PHASE_STRIP = NO;
				DEBUG_INFORMATION_FORMAT = dwarf;
				ENABLE_STRICT_OBJC_MSGSEND = YES;
				ENABLE_TESTABILITY = YES;
				GCC_C_LANGUAGE_STANDARD = gnu11;
				GCC_DYNAMIC_NO_PIC = NO;
				GCC_NO_COMMON_BLOCKS = YES;
				GCC_OPTIMIZATION_LEVEL = 0;
				GCC_PREPROCESSOR_DEFINITIONS = (
					"DEBUG=1",
					"$(inherited)",
				);
				GCC_WARN_64_TO_32_BIT_CONVERSION = YES;
				GCC_WARN_ABOUT_RETURN_TYPE = YES_ERROR;
				GCC_WARN_UNDECLARED_SELECTOR = YES;
				GCC_WARN_UNINITIALIZED_AUTOS = YES_AGGRESSIVE;
				GCC_WARN_UNUSED_FUNCTION = YES;
				GCC_WARN_UNUSED_VARIABLE = YES;
				IPHONEOS_DEPLOYMENT_TARGET = 13.6;
				MTL_ENABLE_DEBUG_INFO = INCLUDE_SOURCE;
				MTL_FAST_MATH = YES;
				ONLY_ACTIVE_ARCH = YES;
				SDKROOT = iphoneos;
				SWIFT_ACTIVE_COMPILATION_CONDITIONS = DEBUG;
				SWIFT_OPTIMIZATION_LEVEL = "-Onone";
			};
			name = Debug;
		};
		DC54FD0624EB230A00B4E144 /* Release */ = {
			isa = XCBuildConfiguration;
			buildSettings = {
				ALWAYS_SEARCH_USER_PATHS = NO;
				CLANG_ANALYZER_NONNULL = YES;
				CLANG_ANALYZER_NUMBER_OBJECT_CONVERSION = YES_AGGRESSIVE;
				CLANG_CXX_LANGUAGE_STANDARD = "gnu++14";
				CLANG_CXX_LIBRARY = "libc++";
				CLANG_ENABLE_MODULES = YES;
				CLANG_ENABLE_OBJC_ARC = YES;
				CLANG_ENABLE_OBJC_WEAK = YES;
				CLANG_WARN_BLOCK_CAPTURE_AUTORELEASING = YES;
				CLANG_WARN_BOOL_CONVERSION = YES;
				CLANG_WARN_COMMA = YES;
				CLANG_WARN_CONSTANT_CONVERSION = YES;
				CLANG_WARN_DEPRECATED_OBJC_IMPLEMENTATIONS = YES;
				CLANG_WARN_DIRECT_OBJC_ISA_USAGE = YES_ERROR;
				CLANG_WARN_DOCUMENTATION_COMMENTS = YES;
				CLANG_WARN_EMPTY_BODY = YES;
				CLANG_WARN_ENUM_CONVERSION = YES;
				CLANG_WARN_INFINITE_RECURSION = YES;
				CLANG_WARN_INT_CONVERSION = YES;
				CLANG_WARN_NON_LITERAL_NULL_CONVERSION = YES;
				CLANG_WARN_OBJC_IMPLICIT_RETAIN_SELF = YES;
				CLANG_WARN_OBJC_LITERAL_CONVERSION = YES;
				CLANG_WARN_OBJC_ROOT_CLASS = YES_ERROR;
				CLANG_WARN_RANGE_LOOP_ANALYSIS = YES;
				CLANG_WARN_STRICT_PROTOTYPES = YES;
				CLANG_WARN_SUSPICIOUS_MOVE = YES;
				CLANG_WARN_UNGUARDED_AVAILABILITY = YES_AGGRESSIVE;
				CLANG_WARN_UNREACHABLE_CODE = YES;
				CLANG_WARN__DUPLICATE_METHOD_MATCH = YES;
				COPY_PHASE_STRIP = NO;
				DEBUG_INFORMATION_FORMAT = "dwarf-with-dsym";
				ENABLE_NS_ASSERTIONS = NO;
				ENABLE_STRICT_OBJC_MSGSEND = YES;
				GCC_C_LANGUAGE_STANDARD = gnu11;
				GCC_NO_COMMON_BLOCKS = YES;
				GCC_WARN_64_TO_32_BIT_CONVERSION = YES;
				GCC_WARN_ABOUT_RETURN_TYPE = YES_ERROR;
				GCC_WARN_UNDECLARED_SELECTOR = YES;
				GCC_WARN_UNINITIALIZED_AUTOS = YES_AGGRESSIVE;
				GCC_WARN_UNUSED_FUNCTION = YES;
				GCC_WARN_UNUSED_VARIABLE = YES;
				IPHONEOS_DEPLOYMENT_TARGET = 13.6;
				MTL_ENABLE_DEBUG_INFO = NO;
				MTL_FAST_MATH = YES;
				SDKROOT = iphoneos;
				SWIFT_COMPILATION_MODE = wholemodule;
				SWIFT_OPTIMIZATION_LEVEL = "-O";
				VALIDATE_PRODUCT = YES;
			};
			name = Release;
		};
		DC54FD0824EB230A00B4E144 /* Debug */ = {
			isa = XCBuildConfiguration;
			buildSettings = {
				ASSETCATALOG_COMPILER_APPICON_NAME = AppIcon;
				CODE_SIGN_STYLE = Automatic;
				DEVELOPMENT_ASSET_PATHS = "\"Memorize/Preview Content\"";
				DEVELOPMENT_TEAM = G9MC529H4D;
				ENABLE_PREVIEWS = YES;
				INFOPLIST_FILE = Memorize/Info.plist;
				LD_RUNPATH_SEARCH_PATHS = (
					"$(inherited)",
					"@executable_path/Frameworks",
				);
				PRODUCT_BUNDLE_IDENTIFIER = edu.stanford.cs193p.Joynrr.Memorize;
				PRODUCT_NAME = "$(TARGET_NAME)";
				SWIFT_VERSION = 5.0;
				TARGETED_DEVICE_FAMILY = "1,2";
			};
			name = Debug;
		};
		DC54FD0924EB230A00B4E144 /* Release */ = {
			isa = XCBuildConfiguration;
			buildSettings = {
				ASSETCATALOG_COMPILER_APPICON_NAME = AppIcon;
				CODE_SIGN_STYLE = Automatic;
				DEVELOPMENT_ASSET_PATHS = "\"Memorize/Preview Content\"";
				DEVELOPMENT_TEAM = G9MC529H4D;
				ENABLE_PREVIEWS = YES;
				INFOPLIST_FILE = Memorize/Info.plist;
				LD_RUNPATH_SEARCH_PATHS = (
					"$(inherited)",
					"@executable_path/Frameworks",
				);
				PRODUCT_BUNDLE_IDENTIFIER = edu.stanford.cs193p.Joynrr.Memorize;
				PRODUCT_NAME = "$(TARGET_NAME)";
				SWIFT_VERSION = 5.0;
				TARGETED_DEVICE_FAMILY = "1,2";
			};
			name = Release;
		};
		DC54FD0B24EB230A00B4E144 /* Debug */ = {
			isa = XCBuildConfiguration;
			buildSettings = {
				ALWAYS_EMBED_SWIFT_STANDARD_LIBRARIES = YES;
				BUNDLE_LOADER = "$(TEST_HOST)";
				CODE_SIGN_STYLE = Automatic;
				DEVELOPMENT_TEAM = G9MC529H4D;
				INFOPLIST_FILE = MemorizeTests/Info.plist;
				IPHONEOS_DEPLOYMENT_TARGET = 13.6;
				LD_RUNPATH_SEARCH_PATHS = (
					"$(inherited)",
					"@executable_path/Frameworks",
					"@loader_path/Frameworks",
				);
				PRODUCT_BUNDLE_IDENTIFIER = edu.stanford.cs193p.Joynrr.MemorizeTests;
				PRODUCT_NAME = "$(TARGET_NAME)";
				SWIFT_VERSION = 5.0;
				TARGETED_DEVICE_FAMILY = "1,2";
				TEST_HOST = "$(BUILT_PRODUCTS_DIR)/Memorize.app/Memorize";
			};
			name = Debug;
		};
		DC54FD0C24EB230A00B4E144 /* Release */ = {
			isa = XCBuildConfiguration;
			buildSettings = {
				ALWAYS_EMBED_SWIFT_STANDARD_LIBRARIES = YES;
				BUNDLE_LOADER = "$(TEST_HOST)";
				CODE_SIGN_STYLE = Automatic;
				DEVELOPMENT_TEAM = G9MC529H4D;
				INFOPLIST_FILE = MemorizeTests/Info.plist;
				IPHONEOS_DEPLOYMENT_TARGET = 13.6;
				LD_RUNPATH_SEARCH_PATHS = (
					"$(inherited)",
					"@executable_path/Frameworks",
					"@loader_path/Frameworks",
				);
				PRODUCT_BUNDLE_IDENTIFIER = edu.stanford.cs193p.Joynrr.MemorizeTests;
				PRODUCT_NAME = "$(TARGET_NAME)";
				SWIFT_VERSION = 5.0;
				TARGETED_DEVICE_FAMILY = "1,2";
				TEST_HOST = "$(BUILT_PRODUCTS_DIR)/Memorize.app/Memorize";
			};
			name = Release;
		};
		DC54FD0E24EB230A00B4E144 /* Debug */ = {
			isa = XCBuildConfiguration;
			buildSettings = {
				ALWAYS_EMBED_SWIFT_STANDARD_LIBRARIES = YES;
				CODE_SIGN_STYLE = Automatic;
				DEVELOPMENT_TEAM = G9MC529H4D;
				INFOPLIST_FILE = MemorizeUITests/Info.plist;
				LD_RUNPATH_SEARCH_PATHS = (
					"$(inherited)",
					"@executable_path/Frameworks",
					"@loader_path/Frameworks",
				);
				PRODUCT_BUNDLE_IDENTIFIER = edu.stanford.cs193p.Joynrr.MemorizeUITests;
				PRODUCT_NAME = "$(TARGET_NAME)";
				SWIFT_VERSION = 5.0;
				TARGETED_DEVICE_FAMILY = "1,2";
				TEST_TARGET_NAME = Memorize;
			};
			name = Debug;
		};
		DC54FD0F24EB230A00B4E144 /* Release */ = {
			isa = XCBuildConfiguration;
			buildSettings = {
				ALWAYS_EMBED_SWIFT_STANDARD_LIBRARIES = YES;
				CODE_SIGN_STYLE = Automatic;
				DEVELOPMENT_TEAM = G9MC529H4D;
				INFOPLIST_FILE = MemorizeUITests/Info.plist;
				LD_RUNPATH_SEARCH_PATHS = (
					"$(inherited)",
					"@executable_path/Frameworks",
					"@loader_path/Frameworks",
				);
				PRODUCT_BUNDLE_IDENTIFIER = edu.stanford.cs193p.Joynrr.MemorizeUITests;
				PRODUCT_NAME = "$(TARGET_NAME)";
				SWIFT_VERSION = 5.0;
				TARGETED_DEVICE_FAMILY = "1,2";
				TEST_TARGET_NAME = Memorize;
			};
			name = Release;
		};
/* End XCBuildConfiguration section */

/* Begin XCConfigurationList section */
		DC54FCD824EB230900B4E144 /* Build configuration list for PBXProject "Memorize" */ = {
			isa = XCConfigurationList;
			buildConfigurations = (
				DC54FD0524EB230A00B4E144 /* Debug */,
				DC54FD0624EB230A00B4E144 /* Release */,
			);
			defaultConfigurationIsVisible = 0;
			defaultConfigurationName = Release;
		};
		DC54FD0724EB230A00B4E144 /* Build configuration list for PBXNativeTarget "Memorize" */ = {
			isa = XCConfigurationList;
			buildConfigurations = (
				DC54FD0824EB230A00B4E144 /* Debug */,
				DC54FD0924EB230A00B4E144 /* Release */,
			);
			defaultConfigurationIsVisible = 0;
			defaultConfigurationName = Release;
		};
		DC54FD0A24EB230A00B4E144 /* Build configuration list for PBXNativeTarget "MemorizeTests" */ = {
			isa = XCConfigurationList;
			buildConfigurations = (
				DC54FD0B24EB230A00B4E144 /* Debug */,
				DC54FD0C24EB230A00B4E144 /* Release */,
			);
			defaultConfigurationIsVisible = 0;
			defaultConfigurationName = Release;
		};
		DC54FD0D24EB230A00B4E144 /* Build configuration list for PBXNativeTarget "MemorizeUITests" */ = {
			isa = XCConfigurationList;
			buildConfigurations = (
				DC54FD0E24EB230A00B4E144 /* Debug */,
				DC54FD0F24EB230A00B4E144 /* Release */,
			);
			defaultConfigurationIsVisible = 0;
			defaultConfigurationName = Release;
		};
/* End XCConfigurationList section */
	};
	rootObject = DC54FCD524EB230900B4E144 /* Project object */;
}
